{
    "_readme": [
        "This file locks the dependencies of your project to a known state",
        "Read more about it at https://getcomposer.org/doc/01-basic-usage.md#installing-dependencies",
        "This file is @generated automatically"
    ],
    "content-hash": "17de663cd760e5b799146f4cbf49d7e2",
    "packages": [
        {
            "name": "akeeba/awf",
            "version": "dev-development",
            "source": {
                "type": "git",
                "url": "https://github.com/akeeba/awf.git",
                "reference": "212f953e0b9488eb7eb1d018075428ee0c252653"
            },
            "dist": {
                "type": "zip",
                "url": "https://api.github.com/repos/akeeba/awf/zipball/212f953e0b9488eb7eb1d018075428ee0c252653",
                "reference": "212f953e0b9488eb7eb1d018075428ee0c252653",
                "shasum": ""
            },
            "require": {
                "ext-curl": "*",
                "php": ">=5.3.4"
            },
            "require-dev": {
                "fiunchinho/phpunit-randomizer": "1.0.*",
                "mikey179/vfsstream": "v1.2.0",
                "phpunit/dbunit": "1.3.*",
                "phpunit/phpunit": "4.2.*"
            },
            "type": "library",
            "autoload": {
                "psr-4": {
                    "Awf\\": "src/"
                },
                "files": [
                    "src/Utils/helpers.php"
                ]
            },
            "notification-url": "https://packagist.org/downloads/",
            "license": [
                "GPL-3.0-or-later"
            ],
            "authors": [
                {
                    "name": "Nicholas K. Dionysopoulos",
                    "email": "nicholas_NO_SPAM_PLEASE@akeebabackup.com",
                    "homepage": "http://www.dionysopoulos.me",
                    "role": "Lead Developer"
                }
            ],
            "description": "A framework for single-source standalone apps, Joomla! components and WordPress plugins",
            "homepage": "https://github.com/akeeba/awf",
            "keywords": [
                "framework",
                "joomla",
                "wordpress"
            ],
            "time": "2018-12-03T09:23:01+00:00"
        },
        {
            "name": "akeeba/s3",
            "version": "dev-master",
            "source": {
                "type": "git",
                "url": "https://github.com/akeeba/s3.git",
                "reference": "76b413cee48be7c7f8ed32804084c5098ad1a183"
            },
            "dist": {
                "type": "zip",
                "url": "https://api.github.com/repos/akeeba/s3/zipball/76b413cee48be7c7f8ed32804084c5098ad1a183",
                "reference": "76b413cee48be7c7f8ed32804084c5098ad1a183",
                "shasum": ""
            },
            "require": {
                "php": ">=5.3.4"
            },
            "type": "library",
            "autoload": {
                "psr-4": {
                    "Akeeba\\Engine\\Postproc\\Connector\\S3v4\\": "src"
                }
            },
            "notification-url": "https://packagist.org/downloads/",
            "license": [
                "GPL-3.0+"
            ],
            "authors": [
                {
                    "name": "Nicholas K. Dionysopoulos",
                    "email": "nicholas_NO_SPAM_PLEASE@akeebabackup.com",
                    "homepage": "http://www.dionysopoulos.me",
                    "role": "Lead Developer"
                }
            ],
            "description": "Akeeba Engine connector for Amazon S3",
            "homepage": "https://github.com/akeeba/s3",
            "keywords": [
                "s3"
            ],
            "time": "2018-10-09T19:17:11+00:00"
        },
        {
            "name": "symfony/dotenv",
            "version": "v4.1.8",
            "source": {
                "type": "git",
                "url": "https://github.com/symfony/dotenv.git",
                "reference": "963fc7f36f81315e31831d6cd96c9578ec184059"
            },
            "dist": {
                "type": "zip",
                "url": "https://api.github.com/repos/symfony/dotenv/zipball/963fc7f36f81315e31831d6cd96c9578ec184059",
                "reference": "963fc7f36f81315e31831d6cd96c9578ec184059",
                "shasum": ""
            },
            "require": {
                "php": "^7.1.3"
            },
            "require-dev": {
                "symfony/process": "~3.4|~4.0"
            },
            "type": "library",
            "extra": {
                "branch-alias": {
                    "dev-master": "4.1-dev"
                }
            },
            "autoload": {
                "psr-4": {
                    "Symfony\\Component\\Dotenv\\": ""
                },
                "exclude-from-classmap": [
                    "/Tests/"
                ]
            },
            "notification-url": "https://packagist.org/downloads/",
            "license": [
                "MIT"
            ],
            "authors": [
                {
                    "name": "Fabien Potencier",
                    "email": "fabien@symfony.com"
                },
                {
                    "name": "Symfony Community",
                    "homepage": "https://symfony.com/contributors"
                }
            ],
            "description": "Registers environment variables from a .env file",
            "homepage": "https://symfony.com",
            "keywords": [
                "dotenv",
                "env",
                "environment"
            ],
            "time": "2018-11-26T10:26:29+00:00"
        }
    ],
    "packages-dev": [],
    "aliases": [],
    "minimum-stability": "stable",
    "stability-flags": {
        "akeeba/s3": 20,
        "akeeba/awf": 20
    },
    "prefer-stable": false,
    "prefer-lowest": false,
    "platform": {
        "php": ">=7.2.0",
        "ext-curl": "*"
    },
    "platform-dev": []
}
